
Microsoft Visual Studio Solution File, Format Version 12.00
# Visual Studio Version 17
VisualStudioVersion = 17.4.33110.190
MinimumVisualStudioVersion = 10.0.40219.1
Project("{FAE04EC0-301F-11D3-BF4B-00C04F79EFBC}") = "GaleriaCarro", "GaleriaCarro\GaleriaCarro.csproj", "{CE5B031A-EFEC-4A26-ABD8-EA7959C73A60}"
EndProject
Project("{FAE04EC0-301F-11D3-BF4B-00C04F79EFBC}") = "LibraryClasses", "LibraryClasses\LibraryClasses.csproj", "{2C59DA62-CF23-44B4-8CE0-5FE06960E360}"
EndProject
Project("{FAE04EC0-301F-11D3-BF4B-00C04F79EFBC}") = "LibraryEntidades", "LibraryEntidades\LibraryEntidades.csproj", "{5A7B9CBE-656A-43DA-9A8A-235DE61D9C7F}"
EndProject
Global
	GlobalSection(SolutionConfigurationPlatforms) = preSolution
		Debug|Any CPU = Debug|Any CPU
		Release|Any CPU = Release|Any CPU
	EndGlobalSection
	GlobalSection(ProjectConfigurationPlatforms) = postSolution
		{CE5B031A-EFEC-4A26-ABD8-EA7959C73A60}.Debug|Any CPU.ActiveCfg = Debug|Any CPU
		{CE5B031A-EFEC-4A26-ABD8-EA7959C73A60}.Debug|Any CPU.Build.0 = Debug|Any CPU
		{CE5B031A-EFEC-4A26-ABD8-EA7959C73A60}.Release|Any CPU.ActiveCfg = Release|Any CPU
		{CE5B031A-EFEC-4A26-ABD8-EA7959C73A60}.Release|Any CPU.Build.0 = Release|Any CPU
		{2C59DA62-CF23-44B4-8CE0-5FE06960E360}.Debug|Any CPU.ActiveCfg = Debug|Any CPU
		{2C59DA62-CF23-44B4-8CE0-5FE06960E360}.Debug|Any CPU.Build.0 = Debug|Any CPU
		{2C59DA62-CF23-44B4-8CE0-5FE06960E360}.Release|Any CPU.ActiveCfg = Release|Any CPU
		{2C59DA62-CF23-44B4-8CE0-5FE06960E360}.Release|Any CPU.Build.0 = Release|Any CPU
		{5A7B9CBE-656A-43DA-9A8A-235DE61D9C7F}.Debug|Any CPU.ActiveCfg = Debug|Any CPU
		{5A7B9CBE-656A-43DA-9A8A-235DE61D9C7F}.Debug|Any CPU.Build.0 = Debug|Any CPU
		{5A7B9CBE-656A-43DA-9A8A-235DE61D9C7F}.Release|Any CPU.ActiveCfg = Release|Any CPU
		{5A7B9CBE-656A-43DA-9A8A-235DE61D9C7F}.Release|Any CPU.Build.0 = Release|Any CPU
	EndGlobalSection
	GlobalSection(SolutionProperties) = preSolution
		HideSolutionNode = FALSE
	EndGlobalSection
	GlobalSection(ExtensibilityGlobals) = postSolution
		SolutionGuid = {475EC3D5-5AB9-4B11-9587-45544F1B57B8}
	EndGlobalSection
EndGlobal
